{
  "requires": true,
  "lockfileVersion": 1,
  "dependencies": {
    "urdf-loader": {
      "version": "0.3.0",
      "resolved": "https://registry.npmjs.org/urdf-loader/-/urdf-loader-0.3.0.tgz",
      "integrity": "sha512-sD1pQYh2wQotXyE2mPVyFM5JMPbOCaQzROfSCm/9pGOvhM/QRSJP0FrXFtVAreEHUdhU6bTcK6kWxGbxE1m0Pg=="
    }
  }
}
